
Microsoft Visual Studio Solution File, Format Version 12.00
# Visual Studio Version 17
VisualStudioVersion = 17.9.34622.214
MinimumVisualStudioVersion = 10.0.40219.1
Project("{9A19103F-16F7-4668-BE54-9A1E7A4F7556}") = "Zoo.Domain", "Zoo.Domain\Zoo.Domain.csproj", "{46FB085B-E10D-4526-B1E3-400739EDA176}"
EndProject
Project("{FAE04EC0-301F-11D3-BF4B-00C04F79EFBC}") = "ItWasActuallyAPetStore.App", "ItWasActuallyAPetStore.App\ItWasActuallyAPetStore.App.csproj", "{0A9BC41B-56D4-4D0B-A2F5-0A64FB394828}"
EndProject
Global
	GlobalSection(SolutionConfigurationPlatforms) = preSolution
		Debug|Any CPU = Debug|Any CPU
		Release|Any CPU = Release|Any CPU
	EndGlobalSection
	GlobalSection(ProjectConfigurationPlatforms) = postSolution
		{46FB085B-E10D-4526-B1E3-400739EDA176}.Debug|Any CPU.ActiveCfg = Debug|Any CPU
		{46FB085B-E10D-4526-B1E3-400739EDA176}.Debug|Any CPU.Build.0 = Debug|Any CPU
		{46FB085B-E10D-4526-B1E3-400739EDA176}.Release|Any CPU.ActiveCfg = Release|Any CPU
		{46FB085B-E10D-4526-B1E3-400739EDA176}.Release|Any CPU.Build.0 = Release|Any CPU
		{0A9BC41B-56D4-4D0B-A2F5-0A64FB394828}.Debug|Any CPU.ActiveCfg = Debug|Any CPU
		{0A9BC41B-56D4-4D0B-A2F5-0A64FB394828}.Debug|Any CPU.Build.0 = Debug|Any CPU
		{0A9BC41B-56D4-4D0B-A2F5-0A64FB394828}.Release|Any CPU.ActiveCfg = Release|Any CPU
		{0A9BC41B-56D4-4D0B-A2F5-0A64FB394828}.Release|Any CPU.Build.0 = Release|Any CPU
	EndGlobalSection
	GlobalSection(SolutionProperties) = preSolution
		HideSolutionNode = FALSE
	EndGlobalSection
	GlobalSection(ExtensibilityGlobals) = postSolution
		SolutionGuid = {BFC67498-D470-48B9-99DF-865BF78BCCE9}
	EndGlobalSection
EndGlobal
